
Microsoft Visual Studio Solution File, Format Version 12.00
# Visual Studio Version 17
VisualStudioVersion = 17.9.34728.123
MinimumVisualStudioVersion = 10.0.40219.1
Project("{FAE04EC0-301F-11D3-BF4B-00C04F79EFBC}") = "donuts shop", "donuts shop.csproj", "{920CE000-D88F-4178-A6D2-6AFC31F557D0}"
EndProject
Global
	GlobalSection(SolutionConfigurationPlatforms) = preSolution
		Debug|Any CPU = Debug|Any CPU
		Release|Any CPU = Release|Any CPU
	EndGlobalSection
	GlobalSection(ProjectConfigurationPlatforms) = postSolution
		{920CE000-D88F-4178-A6D2-6AFC31F557D0}.Debug|Any CPU.ActiveCfg = Debug|Any CPU
		{920CE000-D88F-4178-A6D2-6AFC31F557D0}.Debug|Any CPU.Build.0 = Debug|Any CPU
		{920CE000-D88F-4178-A6D2-6AFC31F557D0}.Release|Any CPU.ActiveCfg = Release|Any CPU
		{920CE000-D88F-4178-A6D2-6AFC31F557D0}.Release|Any CPU.Build.0 = Release|Any CPU
	EndGlobalSection
	GlobalSection(SolutionProperties) = preSolution
		HideSolutionNode = FALSE
	EndGlobalSection
	GlobalSection(ExtensibilityGlobals) = postSolution
		SolutionGuid = {C2F96566-BFCF-409D-9CEA-AC35B9BA0107}
	EndGlobalSection
EndGlobal
